# This file is auto-generated by Orbit. DO NOT EDIT.
version = 1

[[ip]]
name = "adder"
version = "0.1.0"
uuid = "b5df55f1-49c7-4a3d-93ad-6024f2bec1e2"
dependencies = [
    "amp:1.0.0",
    "veriti:0.1.0",
]

[[ip]]
name = "amp"
version = "1.0.0"
uuid = "33bba0d9-1e0e-4b82-aa90-711d8e4baef7"
checksum = "9e62339bf5b450045d4eaa7b9fa6c121599f007242747967ff5dd6bc4979ac11"
url = "https://github.com/hyperspace-labs/amp/archive/refs/tags/1.0.0.zip"
dependencies = []

[[ip]]
name = "veriti"
version = "0.1.0"
uuid = "a1a05715-b9a9-4e42-84c2-22014e44e8c4"
checksum = "4c027c1850acfb71ebc5da16be43edbd65ec60507968dc2115bf195c686238b8"
url = "https://github.com/cdotrus/veriti/archive/refs/tags/0.1.0.zip"
dependencies = ["amp:1.0.0"]
